
Microsoft Visual Studio Solution File, Format Version 12.00
# Visual Studio 15
VisualStudioVersion = 15.0.27130.2003
MinimumVisualStudioVersion = 10.0.40219.1
Project("{FAE04EC0-301F-11D3-BF4B-00C04F79EFBC}") = "NhibernateMVC", "NhibernateMVC\NhibernateMVC.csproj", "{ACDB6EDB-596D-4134-A777-E173E9CECCF3}"
EndProject
Global
	GlobalSection(SolutionConfigurationPlatforms) = preSolution
		Debug|Any CPU = Debug|Any CPU
		Release|Any CPU = Release|Any CPU
	EndGlobalSection
	GlobalSection(ProjectConfigurationPlatforms) = postSolution
		{ACDB6EDB-596D-4134-A777-E173E9CECCF3}.Debug|Any CPU.ActiveCfg = Debug|Any CPU
		{ACDB6EDB-596D-4134-A777-E173E9CECCF3}.Debug|Any CPU.Build.0 = Debug|Any CPU
		{ACDB6EDB-596D-4134-A777-E173E9CECCF3}.Release|Any CPU.ActiveCfg = Release|Any CPU
		{ACDB6EDB-596D-4134-A777-E173E9CECCF3}.Release|Any CPU.Build.0 = Release|Any CPU
	EndGlobalSection
	GlobalSection(SolutionProperties) = preSolution
		HideSolutionNode = FALSE
	EndGlobalSection
	GlobalSection(ExtensibilityGlobals) = postSolution
		SolutionGuid = {703CD8D4-A4D9-4A7F-AF6F-A1B57CC751BF}
	EndGlobalSection
EndGlobal
